
Microsoft Visual Studio Solution File, Format Version 12.00
# Visual Studio 14
VisualStudioVersion = 14.0.23107.0
MinimumVisualStudioVersion = 10.0.40219.1
Project("{FAE04EC0-301F-11D3-BF4B-00C04F79EFBC}") = "DogeStation2", "DogeStation2\DogeStation2.csproj", "{BED00A72-9EDE-402B-87D1-046B36F48385}"
EndProject
Project("{FAE04EC0-301F-11D3-BF4B-00C04F79EFBC}") = "UnitTests", "UnitTests\UnitTests.csproj", "{DC96D414-7682-40A6-A186-4EB5A0C0B0DF}"
EndProject
Global
	GlobalSection(SolutionConfigurationPlatforms) = preSolution
		Debug|Any CPU = Debug|Any CPU
		Release|Any CPU = Release|Any CPU
	EndGlobalSection
	GlobalSection(ProjectConfigurationPlatforms) = postSolution
		{BED00A72-9EDE-402B-87D1-046B36F48385}.Debug|Any CPU.ActiveCfg = Debug|Any CPU
		{BED00A72-9EDE-402B-87D1-046B36F48385}.Debug|Any CPU.Build.0 = Debug|Any CPU
		{BED00A72-9EDE-402B-87D1-046B36F48385}.Release|Any CPU.ActiveCfg = Release|Any CPU
		{BED00A72-9EDE-402B-87D1-046B36F48385}.Release|Any CPU.Build.0 = Release|Any CPU
		{DC96D414-7682-40A6-A186-4EB5A0C0B0DF}.Debug|Any CPU.ActiveCfg = Debug|Any CPU
		{DC96D414-7682-40A6-A186-4EB5A0C0B0DF}.Debug|Any CPU.Build.0 = Debug|Any CPU
		{DC96D414-7682-40A6-A186-4EB5A0C0B0DF}.Release|Any CPU.ActiveCfg = Release|Any CPU
		{DC96D414-7682-40A6-A186-4EB5A0C0B0DF}.Release|Any CPU.Build.0 = Release|Any CPU
	EndGlobalSection
	GlobalSection(SolutionProperties) = preSolution
		HideSolutionNode = FALSE
	EndGlobalSection
EndGlobal
