
Microsoft Visual Studio Solution File, Format Version 12.00
# Visual Studio 14
VisualStudioVersion = 14.0.23107.0
MinimumVisualStudioVersion = 10.0.40219.1
Project("{FAE04EC0-301F-11D3-BF4B-00C04F79EFBC}") = "DataGrabber", "DogeStation2\DataGrabber.csproj", "{BED00A72-9EDE-402B-87D1-046B36F48385}"
EndProject
Project("{FAE04EC0-301F-11D3-BF4B-00C04F79EFBC}") = "UnitTests", "UnitTests\UnitTests.csproj", "{DC96D414-7682-40A6-A186-4EB5A0C0B0DF}"
EndProject
Project("{FAE04EC0-301F-11D3-BF4B-00C04F79EFBC}") = "LegacyDataUploader", "LegacyDataUploader\LegacyDataUploader.csproj", "{6A16E2CA-BA77-46CD-A48D-CAA4AC7896B2}"
EndProject
Project("{FAE04EC0-301F-11D3-BF4B-00C04F79EFBC}") = "Utils", "Utils\Utils.csproj", "{6D794F57-90E8-477E-AF63-7D22FBA88A37}"
EndProject
Project("{8BC9CEB8-8B4A-11D0-8D11-00A0C91BC942}") = "Biomed-eMains-eFM-x", "..\Biomed-eMains-eFM-x\Biomed-eMains-eFM-x\Biomed-eMains-eFM-x.vcxproj", "{4BE35E45-8C2F-4F40-AF10-0C77881F703F}"
EndProject
Project("{54435603-DBB4-11D2-8724-00A0C9A8B90C}") = "NURI_Station_Installer", "NURI_Station_Installer\NURI_Station_Installer.vdproj", "{708E8B71-1A69-4B5F-9DF3-D0413B4D218E}"
EndProject
Global
	GlobalSection(SolutionConfigurationPlatforms) = preSolution
		Debug|Any CPU = Debug|Any CPU
		Debug|x64 = Debug|x64
		Debug|x86 = Debug|x86
		Release|Any CPU = Release|Any CPU
		Release|x64 = Release|x64
		Release|x86 = Release|x86
	EndGlobalSection
	GlobalSection(ProjectConfigurationPlatforms) = postSolution
		{BED00A72-9EDE-402B-87D1-046B36F48385}.Debug|Any CPU.ActiveCfg = Debug|Any CPU
		{BED00A72-9EDE-402B-87D1-046B36F48385}.Debug|Any CPU.Build.0 = Debug|Any CPU
		{BED00A72-9EDE-402B-87D1-046B36F48385}.Debug|x64.ActiveCfg = Debug|Any CPU
		{BED00A72-9EDE-402B-87D1-046B36F48385}.Debug|x64.Build.0 = Debug|Any CPU
		{BED00A72-9EDE-402B-87D1-046B36F48385}.Debug|x86.ActiveCfg = Debug|Any CPU
		{BED00A72-9EDE-402B-87D1-046B36F48385}.Debug|x86.Build.0 = Debug|Any CPU
		{BED00A72-9EDE-402B-87D1-046B36F48385}.Release|Any CPU.ActiveCfg = Release|Any CPU
		{BED00A72-9EDE-402B-87D1-046B36F48385}.Release|Any CPU.Build.0 = Release|Any CPU
		{BED00A72-9EDE-402B-87D1-046B36F48385}.Release|x64.ActiveCfg = Release|Any CPU
		{BED00A72-9EDE-402B-87D1-046B36F48385}.Release|x64.Build.0 = Release|Any CPU
		{BED00A72-9EDE-402B-87D1-046B36F48385}.Release|x86.ActiveCfg = Release|Any CPU
		{BED00A72-9EDE-402B-87D1-046B36F48385}.Release|x86.Build.0 = Release|Any CPU
		{DC96D414-7682-40A6-A186-4EB5A0C0B0DF}.Debug|Any CPU.ActiveCfg = Debug|Any CPU
		{DC96D414-7682-40A6-A186-4EB5A0C0B0DF}.Debug|Any CPU.Build.0 = Debug|Any CPU
		{DC96D414-7682-40A6-A186-4EB5A0C0B0DF}.Debug|x64.ActiveCfg = Debug|Any CPU
		{DC96D414-7682-40A6-A186-4EB5A0C0B0DF}.Debug|x64.Build.0 = Debug|Any CPU
		{DC96D414-7682-40A6-A186-4EB5A0C0B0DF}.Debug|x86.ActiveCfg = Debug|Any CPU
		{DC96D414-7682-40A6-A186-4EB5A0C0B0DF}.Debug|x86.Build.0 = Debug|Any CPU
		{DC96D414-7682-40A6-A186-4EB5A0C0B0DF}.Release|Any CPU.ActiveCfg = Release|Any CPU
		{DC96D414-7682-40A6-A186-4EB5A0C0B0DF}.Release|Any CPU.Build.0 = Release|Any CPU
		{DC96D414-7682-40A6-A186-4EB5A0C0B0DF}.Release|x64.ActiveCfg = Release|Any CPU
		{DC96D414-7682-40A6-A186-4EB5A0C0B0DF}.Release|x64.Build.0 = Release|Any CPU
		{DC96D414-7682-40A6-A186-4EB5A0C0B0DF}.Release|x86.ActiveCfg = Release|Any CPU
		{DC96D414-7682-40A6-A186-4EB5A0C0B0DF}.Release|x86.Build.0 = Release|Any CPU
		{6A16E2CA-BA77-46CD-A48D-CAA4AC7896B2}.Debug|Any CPU.ActiveCfg = Debug|Any CPU
		{6A16E2CA-BA77-46CD-A48D-CAA4AC7896B2}.Debug|Any CPU.Build.0 = Debug|Any CPU
		{6A16E2CA-BA77-46CD-A48D-CAA4AC7896B2}.Debug|x64.ActiveCfg = Debug|Any CPU
		{6A16E2CA-BA77-46CD-A48D-CAA4AC7896B2}.Debug|x64.Build.0 = Debug|Any CPU
		{6A16E2CA-BA77-46CD-A48D-CAA4AC7896B2}.Debug|x86.ActiveCfg = Debug|Any CPU
		{6A16E2CA-BA77-46CD-A48D-CAA4AC7896B2}.Debug|x86.Build.0 = Debug|Any CPU
		{6A16E2CA-BA77-46CD-A48D-CAA4AC7896B2}.Release|Any CPU.ActiveCfg = Release|Any CPU
		{6A16E2CA-BA77-46CD-A48D-CAA4AC7896B2}.Release|Any CPU.Build.0 = Release|Any CPU
		{6A16E2CA-BA77-46CD-A48D-CAA4AC7896B2}.Release|x64.ActiveCfg = Release|Any CPU
		{6A16E2CA-BA77-46CD-A48D-CAA4AC7896B2}.Release|x64.Build.0 = Release|Any CPU
		{6A16E2CA-BA77-46CD-A48D-CAA4AC7896B2}.Release|x86.ActiveCfg = Release|Any CPU
		{6A16E2CA-BA77-46CD-A48D-CAA4AC7896B2}.Release|x86.Build.0 = Release|Any CPU
		{6D794F57-90E8-477E-AF63-7D22FBA88A37}.Debug|Any CPU.ActiveCfg = Debug|Any CPU
		{6D794F57-90E8-477E-AF63-7D22FBA88A37}.Debug|Any CPU.Build.0 = Debug|Any CPU
		{6D794F57-90E8-477E-AF63-7D22FBA88A37}.Debug|x64.ActiveCfg = Debug|Any CPU
		{6D794F57-90E8-477E-AF63-7D22FBA88A37}.Debug|x64.Build.0 = Debug|Any CPU
		{6D794F57-90E8-477E-AF63-7D22FBA88A37}.Debug|x86.ActiveCfg = Debug|Any CPU
		{6D794F57-90E8-477E-AF63-7D22FBA88A37}.Debug|x86.Build.0 = Debug|Any CPU
		{6D794F57-90E8-477E-AF63-7D22FBA88A37}.Release|Any CPU.ActiveCfg = Release|Any CPU
		{6D794F57-90E8-477E-AF63-7D22FBA88A37}.Release|Any CPU.Build.0 = Release|Any CPU
		{6D794F57-90E8-477E-AF63-7D22FBA88A37}.Release|x64.ActiveCfg = Release|Any CPU
		{6D794F57-90E8-477E-AF63-7D22FBA88A37}.Release|x64.Build.0 = Release|Any CPU
		{6D794F57-90E8-477E-AF63-7D22FBA88A37}.Release|x86.ActiveCfg = Release|Any CPU
		{6D794F57-90E8-477E-AF63-7D22FBA88A37}.Release|x86.Build.0 = Release|Any CPU
		{4BE35E45-8C2F-4F40-AF10-0C77881F703F}.Debug|Any CPU.ActiveCfg = Debug|Win32
		{4BE35E45-8C2F-4F40-AF10-0C77881F703F}.Debug|x64.ActiveCfg = Debug|x64
		{4BE35E45-8C2F-4F40-AF10-0C77881F703F}.Debug|x64.Build.0 = Debug|x64
		{4BE35E45-8C2F-4F40-AF10-0C77881F703F}.Debug|x86.ActiveCfg = Debug|Win32
		{4BE35E45-8C2F-4F40-AF10-0C77881F703F}.Debug|x86.Build.0 = Debug|Win32
		{4BE35E45-8C2F-4F40-AF10-0C77881F703F}.Release|Any CPU.ActiveCfg = Release|Win32
		{4BE35E45-8C2F-4F40-AF10-0C77881F703F}.Release|x64.ActiveCfg = Release|x64
		{4BE35E45-8C2F-4F40-AF10-0C77881F703F}.Release|x64.Build.0 = Release|x64
		{4BE35E45-8C2F-4F40-AF10-0C77881F703F}.Release|x86.ActiveCfg = Release|Win32
		{4BE35E45-8C2F-4F40-AF10-0C77881F703F}.Release|x86.Build.0 = Release|Win32
		{708E8B71-1A69-4B5F-9DF3-D0413B4D218E}.Debug|Any CPU.ActiveCfg = Debug
		{708E8B71-1A69-4B5F-9DF3-D0413B4D218E}.Debug|x64.ActiveCfg = Debug
		{708E8B71-1A69-4B5F-9DF3-D0413B4D218E}.Debug|x86.ActiveCfg = Debug
		{708E8B71-1A69-4B5F-9DF3-D0413B4D218E}.Release|Any CPU.ActiveCfg = Release
		{708E8B71-1A69-4B5F-9DF3-D0413B4D218E}.Release|x64.ActiveCfg = Release
		{708E8B71-1A69-4B5F-9DF3-D0413B4D218E}.Release|x86.ActiveCfg = Release
	EndGlobalSection
	GlobalSection(SolutionProperties) = preSolution
		HideSolutionNode = FALSE
	EndGlobalSection
EndGlobal
